
Microsoft Visual Studio Solution File, Format Version 12.00
# Visual Studio Version 16
VisualStudioVersion = 16.0.30225.117
MinimumVisualStudioVersion = 10.0.40219.1
Project("{FAE04EC0-301F-11D3-BF4B-00C04F79EFBC}") = "average", "average.csproj", "{0D28AE13-B114-4071-A9C3-9CDB7D6DEB0F}"
EndProject
Global
	GlobalSection(SolutionConfigurationPlatforms) = preSolution
		Debug|Any CPU = Debug|Any CPU
		Release|Any CPU = Release|Any CPU
	EndGlobalSection
	GlobalSection(ProjectConfigurationPlatforms) = postSolution
		{0D28AE13-B114-4071-A9C3-9CDB7D6DEB0F}.Debug|Any CPU.ActiveCfg = Debug|Any CPU
		{0D28AE13-B114-4071-A9C3-9CDB7D6DEB0F}.Debug|Any CPU.Build.0 = Debug|Any CPU
		{0D28AE13-B114-4071-A9C3-9CDB7D6DEB0F}.Release|Any CPU.ActiveCfg = Release|Any CPU
		{0D28AE13-B114-4071-A9C3-9CDB7D6DEB0F}.Release|Any CPU.Build.0 = Release|Any CPU
	EndGlobalSection
	GlobalSection(SolutionProperties) = preSolution
		HideSolutionNode = FALSE
	EndGlobalSection
	GlobalSection(ExtensibilityGlobals) = postSolution
		SolutionGuid = {955D6463-3344-4EA1-88D6-18558DF38E8C}
	EndGlobalSection
EndGlobal
