
Microsoft Visual Studio Solution File, Format Version 12.00
# Visual Studio Version 16
VisualStudioVersion = 16.0.30225.117
MinimumVisualStudioVersion = 10.0.40219.1
Project("{FAE04EC0-301F-11D3-BF4B-00C04F79EFBC}") = "variable", "variable.csproj", "{CD7EC7DA-C79C-45A3-810E-B809D1DA4CFA}"
EndProject
Global
	GlobalSection(SolutionConfigurationPlatforms) = preSolution
		Debug|Any CPU = Debug|Any CPU
		Release|Any CPU = Release|Any CPU
	EndGlobalSection
	GlobalSection(ProjectConfigurationPlatforms) = postSolution
		{CD7EC7DA-C79C-45A3-810E-B809D1DA4CFA}.Debug|Any CPU.ActiveCfg = Debug|Any CPU
		{CD7EC7DA-C79C-45A3-810E-B809D1DA4CFA}.Debug|Any CPU.Build.0 = Debug|Any CPU
		{CD7EC7DA-C79C-45A3-810E-B809D1DA4CFA}.Release|Any CPU.ActiveCfg = Release|Any CPU
		{CD7EC7DA-C79C-45A3-810E-B809D1DA4CFA}.Release|Any CPU.Build.0 = Release|Any CPU
	EndGlobalSection
	GlobalSection(SolutionProperties) = preSolution
		HideSolutionNode = FALSE
	EndGlobalSection
	GlobalSection(ExtensibilityGlobals) = postSolution
		SolutionGuid = {A222B5BA-3726-46FB-BEA8-85D8C277CDE2}
	EndGlobalSection
EndGlobal
